Microsoft Visual Studio Solution File, Format Version 12.00
# Visual Studio Version 17
VisualStudioVersion = 17.0.31903.59
MinimumVisualStudioVersion = 10.0.40219.1
Project("{FAE04EC0-301F-11D3-BF4B-00C04F79EFBC}") = "EasySave", "EasySave\EasySave.csproj", "{222C6B1D-944C-4C30-A3CA-A6D330BA9E13}"
EndProject
Project("{FAE04EC0-301F-11D3-BF4B-00C04F79EFBC}") = "EasySave.Logging", "EasySave.Logging\EasySave.Logging.csproj", "{333D7B1D-944C-4C30-A3CA-A6D330BA9E14}"
EndProject
Global
	GlobalSection(SolutionConfigurationPlatforms) = preSolution
		Debug|Any CPU = Debug|Any CPU
		Release|Any CPU = Release|Any CPU
	EndGlobalSection
	GlobalSection(SolutionProperties) = preSolution
		HideSolutionNode = FALSE
	EndGlobalSection
	GlobalSection(ProjectConfigurationPlatforms) = postSolution
		{222C6B1D-944C-4C30-A3CA-A6D330BA9E13}.Debug|Any CPU.ActiveCfg = Debug|Any CPU
		{222C6B1D-944C-4C30-A3CA-A6D330BA9E13}.Debug|Any CPU.Build.0 = Debug|Any CPU
		{222C6B1D-944C-4C30-A3CA-A6D330BA9E13}.Release|Any CPU.ActiveCfg = Release|Any CPU
		{222C6B1D-944C-4C30-A3CA-A6D330BA9E13}.Release|Any CPU.Build.0 = Release|Any CPU
		{333D7B1D-944C-4C30-A3CA-A6D330BA9E14}.Debug|Any CPU.ActiveCfg = Debug|Any CPU
		{333D7B1D-944C-4C30-A3CA-A6D330BA9E14}.Debug|Any CPU.Build.0 = Debug|Any CPU
		{333D7B1D-944C-4C30-A3CA-A6D330BA9E14}.Release|Any CPU.ActiveCfg = Release|Any CPU
		{333D7B1D-944C-4C30-A3CA-A6D330BA9E14}.Release|Any CPU.Build.0 = Release|Any CPU
	EndGlobalSection
EndGlobal
